
Microsoft Visual Studio Solution File, Format Version 12.00
# Visual Studio Version 17
VisualStudioVersion = 17.9.34622.214
MinimumVisualStudioVersion = 10.0.40219.1
Project("{FAE04EC0-301F-11D3-BF4B-00C04F79EFBC}") = "BalancedTreeLab", "BalancedTreeLab.csproj", "{B865A0DE-5AEF-40C9-8D77-0BA48992749F}"
EndProject
Global
	GlobalSection(SolutionConfigurationPlatforms) = preSolution
		Debug|Any CPU = Debug|Any CPU
		Release|Any CPU = Release|Any CPU
	EndGlobalSection
	GlobalSection(ProjectConfigurationPlatforms) = postSolution
		{B865A0DE-5AEF-40C9-8D77-0BA48992749F}.Debug|Any CPU.ActiveCfg = Debug|Any CPU
		{B865A0DE-5AEF-40C9-8D77-0BA48992749F}.Debug|Any CPU.Build.0 = Debug|Any CPU
		{B865A0DE-5AEF-40C9-8D77-0BA48992749F}.Release|Any CPU.ActiveCfg = Release|Any CPU
		{B865A0DE-5AEF-40C9-8D77-0BA48992749F}.Release|Any CPU.Build.0 = Release|Any CPU
	EndGlobalSection
	GlobalSection(SolutionProperties) = preSolution
		HideSolutionNode = FALSE
	EndGlobalSection
	GlobalSection(ExtensibilityGlobals) = postSolution
		SolutionGuid = {C96C6FA5-2BC0-42DF-91B0-FE1125128217}
	EndGlobalSection
EndGlobal
